
Microsoft Visual Studio Solution File, Format Version 12.00
# Visual Studio 14
VisualStudioVersion = 14.0.25420.1
MinimumVisualStudioVersion = 10.0.40219.1
Project("{FAE04EC0-301F-11D3-BF4B-00C04F79EFBC}") = "LayoutExamples.Android", "LayoutExamples\LayoutExamples.Android\LayoutExamples.Android.csproj", "{65138F89-5704-4A82-B3D1-B3F5725C2477}"
EndProject
Project("{FAE04EC0-301F-11D3-BF4B-00C04F79EFBC}") = "LayoutExamples", "LayoutExamples\LayoutExamples\LayoutExamples.csproj", "{43B77BD5-D71E-4FD3-A374-6ACDE263B027}"
EndProject
Project("{FAE04EC0-301F-11D3-BF4B-00C04F79EFBC}") = "LayoutExamples.UWP", "LayoutExamples\LayoutExamples.UWP\LayoutExamples.UWP.csproj", "{D469EF31-5217-425C-8038-A6A612FDC09A}"
EndProject
Project("{FAE04EC0-301F-11D3-BF4B-00C04F79EFBC}") = "LayoutExamples.iOS", "LayoutExamples\LayoutExamples.iOS\LayoutExamples.iOS.csproj", "{BC51E7A2-FE9D-4D6B-AC1A-D48C4EAB620D}"
EndProject
Global
	GlobalSection(SolutionConfigurationPlatforms) = preSolution
		Ad-Hoc|Any CPU = Ad-Hoc|Any CPU
		Ad-Hoc|ARM = Ad-Hoc|ARM
		Ad-Hoc|iPhone = Ad-Hoc|iPhone
		Ad-Hoc|iPhoneSimulator = Ad-Hoc|iPhoneSimulator
		Ad-Hoc|x64 = Ad-Hoc|x64
		Ad-Hoc|x86 = Ad-Hoc|x86
		AppStore|Any CPU = AppStore|Any CPU
		AppStore|ARM = AppStore|ARM
		AppStore|iPhone = AppStore|iPhone
		AppStore|iPhoneSimulator = AppStore|iPhoneSimulator
		AppStore|x64 = AppStore|x64
		AppStore|x86 = AppStore|x86
		Debug|Any CPU = Debug|Any CPU
		Debug|ARM = Debug|ARM
		Debug|iPhone = Debug|iPhone
		Debug|iPhoneSimulator = Debug|iPhoneSimulator
		Debug|x64 = Debug|x64
		Debug|x86 = Debug|x86
		Release|Any CPU = Release|Any CPU
		Release|ARM = Release|ARM
		Release|iPhone = Release|iPhone
		Release|iPhoneSimulator = Release|iPhoneSimulator
		Release|x64 = Release|x64
		Release|x86 = Release|x86
	EndGlobalSection
	GlobalSection(ProjectConfigurationPlatforms) = postSolution
		{65138F89-5704-4A82-B3D1-B3F5725C2477}.Ad-Hoc|Any CPU.ActiveCfg = Release|Any CPU
		{65138F89-5704-4A82-B3D1-B3F5725C2477}.Ad-Hoc|Any CPU.Build.0 = Release|Any CPU
		{65138F89-5704-4A82-B3D1-B3F5725C2477}.Ad-Hoc|Any CPU.Deploy.0 = Release|Any CPU
		{65138F89-5704-4A82-B3D1-B3F5725C2477}.Ad-Hoc|ARM.ActiveCfg = Release|Any CPU
		{65138F89-5704-4A82-B3D1-B3F5725C2477}.Ad-Hoc|ARM.Build.0 = Release|Any CPU
		{65138F89-5704-4A82-B3D1-B3F5725C2477}.Ad-Hoc|ARM.Deploy.0 = Release|Any CPU
		{65138F89-5704-4A82-B3D1-B3F5725C2477}.Ad-Hoc|iPhone.ActiveCfg = Release|Any CPU
		{65138F89-5704-4A82-B3D1-B3F5725C2477}.Ad-Hoc|iPhone.Build.0 = Release|Any CPU
		{65138F89-5704-4A82-B3D1-B3F5725C2477}.Ad-Hoc|iPhone.Deploy.0 = Release|Any CPU
		{65138F89-5704-4A82-B3D1-B3F5725C2477}.Ad-Hoc|iPhoneSimulator.ActiveCfg = Release|Any CPU
		{65138F89-5704-4A82-B3D1-B3F5725C2477}.Ad-Hoc|iPhoneSimulator.Build.0 = Release|Any CPU
		{65138F89-5704-4A82-B3D1-B3F5725C2477}.Ad-Hoc|iPhoneSimulator.Deploy.0 = Release|Any CPU
		{65138F89-5704-4A82-B3D1-B3F5725C2477}.Ad-Hoc|x64.ActiveCfg = Release|Any CPU
		{65138F89-5704-4A82-B3D1-B3F5725C2477}.Ad-Hoc|x64.Build.0 = Release|Any CPU
		{65138F89-5704-4A82-B3D1-B3F5725C2477}.Ad-Hoc|x64.Deploy.0 = Release|Any CPU
		{65138F89-5704-4A82-B3D1-B3F5725C2477}.Ad-Hoc|x86.ActiveCfg = Release|Any CPU
		{65138F89-5704-4A82-B3D1-B3F5725C2477}.Ad-Hoc|x86.Build.0 = Release|Any CPU
		{65138F89-5704-4A82-B3D1-B3F5725C2477}.Ad-Hoc|x86.Deploy.0 = Release|Any CPU
		{65138F89-5704-4A82-B3D1-B3F5725C2477}.AppStore|Any CPU.ActiveCfg = Release|Any CPU
		{65138F89-5704-4A82-B3D1-B3F5725C2477}.AppStore|Any CPU.Build.0 = Release|Any CPU
		{65138F89-5704-4A82-B3D1-B3F5725C2477}.AppStore|Any CPU.Deploy.0 = Release|Any CPU
		{65138F89-5704-4A82-B3D1-B3F5725C2477}.AppStore|ARM.ActiveCfg = Release|Any CPU
		{65138F89-5704-4A82-B3D1-B3F5725C2477}.AppStore|ARM.Build.0 = Release|Any CPU
		{65138F89-5704-4A82-B3D1-B3F5725C2477}.AppStore|ARM.Deploy.0 = Release|Any CPU
		{65138F89-5704-4A82-B3D1-B3F5725C2477}.AppStore|iPhone.ActiveCfg = Release|Any CPU
		{65138F89-5704-4A82-B3D1-B3F5725C2477}.AppStore|iPhone.Build.0 = Release|Any CPU
		{65138F89-5704-4A82-B3D1-B3F5725C2477}.AppStore|iPhone.Deploy.0 = Release|Any CPU
		{65138F89-5704-4A82-B3D1-B3F5725C2477}.AppStore|iPhoneSimulator.ActiveCfg = Release|Any CPU
		{65138F89-5704-4A82-B3D1-B3F5725C2477}.AppStore|iPhoneSimulator.Build.0 = Release|Any CPU
		{65138F89-5704-4A82-B3D1-B3F5725C2477}.AppStore|iPhoneSimulator.Deploy.0 = Release|Any CPU
		{65138F89-5704-4A82-B3D1-B3F5725C2477}.AppStore|x64.ActiveCfg = Release|Any CPU
		{65138F89-5704-4A82-B3D1-B3F5725C2477}.AppStore|x64.Build.0 = Release|Any CPU
		{65138F89-5704-4A82-B3D1-B3F5725C2477}.AppStore|x64.Deploy.0 = Release|Any CPU
		{65138F89-5704-4A82-B3D1-B3F5725C2477}.AppStore|x86.ActiveCfg = Release|Any CPU
		{65138F89-5704-4A82-B3D1-B3F5725C2477}.AppStore|x86.Build.0 = Release|Any CPU
		{65138F89-5704-4A82-B3D1-B3F5725C2477}.AppStore|x86.Deploy.0 = Release|Any CPU
		{65138F89-5704-4A82-B3D1-B3F5725C2477}.Debug|Any CPU.ActiveCfg = Debug|Any CPU
		{65138F89-5704-4A82-B3D1-B3F5725C2477}.Debug|Any CPU.Build.0 = Debug|Any CPU
		{65138F89-5704-4A82-B3D1-B3F5725C2477}.Debug|Any CPU.Deploy.0 = Debug|Any CPU
		{65138F89-5704-4A82-B3D1-B3F5725C2477}.Debug|ARM.ActiveCfg = Debug|Any CPU
		{65138F89-5704-4A82-B3D1-B3F5725C2477}.Debug|ARM.Build.0 = Debug|Any CPU
		{65138F89-5704-4A82-B3D1-B3F5725C2477}.Debug|ARM.Deploy.0 = Debug|Any CPU
		{65138F89-5704-4A82-B3D1-B3F5725C2477}.Debug|iPhone.ActiveCfg = Debug|Any CPU
		{65138F89-5704-4A82-B3D1-B3F5725C2477}.Debug|iPhone.Build.0 = Debug|Any CPU
		{65138F89-5704-4A82-B3D1-B3F5725C2477}.Debug|iPhone.Deploy.0 = Debug|Any CPU
		{65138F89-5704-4A82-B3D1-B3F5725C2477}.Debug|iPhoneSimulator.ActiveCfg = Debug|Any CPU
		{65138F89-5704-4A82-B3D1-B3F5725C2477}.Debug|iPhoneSimulator.Build.0 = Debug|Any CPU
		{65138F89-5704-4A82-B3D1-B3F5725C2477}.Debug|iPhoneSimulator.Deploy.0 = Debug|Any CPU
		{65138F89-5704-4A82-B3D1-B3F5725C2477}.Debug|x64.ActiveCfg = Debug|Any CPU
		{65138F89-5704-4A82-B3D1-B3F5725C2477}.Debug|x64.Build.0 = Debug|Any CPU
		{65138F89-5704-4A82-B3D1-B3F5725C2477}.Debug|x64.Deploy.0 = Debug|Any CPU
		{65138F89-5704-4A82-B3D1-B3F5725C2477}.Debug|x86.ActiveCfg = Debug|Any CPU
		{65138F89-5704-4A82-B3D1-B3F5725C2477}.Debug|x86.Build.0 = Debug|Any CPU
		{65138F89-5704-4A82-B3D1-B3F5725C2477}.Debug|x86.Deploy.0 = Debug|Any CPU
		{65138F89-5704-4A82-B3D1-B3F5725C2477}.Release|Any CPU.ActiveCfg = Release|Any CPU
		{65138F89-5704-4A82-B3D1-B3F5725C2477}.Release|Any CPU.Build.0 = Release|Any CPU
		{65138F89-5704-4A82-B3D1-B3F5725C2477}.Release|Any CPU.Deploy.0 = Release|Any CPU
		{65138F89-5704-4A82-B3D1-B3F5725C2477}.Release|ARM.ActiveCfg = Release|Any CPU
		{65138F89-5704-4A82-B3D1-B3F5725C2477}.Release|ARM.Build.0 = Release|Any CPU
		{65138F89-5704-4A82-B3D1-B3F5725C2477}.Release|ARM.Deploy.0 = Release|Any CPU
		{65138F89-5704-4A82-B3D1-B3F5725C2477}.Release|iPhone.ActiveCfg = Release|Any CPU
		{65138F89-5704-4A82-B3D1-B3F5725C2477}.Release|iPhone.Build.0 = Release|Any CPU
		{65138F89-5704-4A82-B3D1-B3F5725C2477}.Release|iPhone.Deploy.0 = Release|Any CPU
		{65138F89-5704-4A82-B3D1-B3F5725C2477}.Release|iPhoneSimulator.ActiveCfg = Release|Any CPU
		{65138F89-5704-4A82-B3D1-B3F5725C2477}.Release|iPhoneSimulator.Build.0 = Release|Any CPU
		{65138F89-5704-4A82-B3D1-B3F5725C2477}.Release|iPhoneSimulator.Deploy.0 = Release|Any CPU
		{65138F89-5704-4A82-B3D1-B3F5725C2477}.Release|x64.ActiveCfg = Release|Any CPU
		{65138F89-5704-4A82-B3D1-B3F5725C2477}.Release|x64.Build.0 = Release|Any CPU
		{65138F89-5704-4A82-B3D1-B3F5725C2477}.Release|x64.Deploy.0 = Release|Any CPU
		{65138F89-5704-4A82-B3D1-B3F5725C2477}.Release|x86.ActiveCfg = Release|Any CPU
		{65138F89-5704-4A82-B3D1-B3F5725C2477}.Release|x86.Build.0 = Release|Any CPU
		{65138F89-5704-4A82-B3D1-B3F5725C2477}.Release|x86.Deploy.0 = Release|Any CPU
		{43B77BD5-D71E-4FD3-A374-6ACDE263B027}.Ad-Hoc|Any CPU.ActiveCfg = Release|Any CPU
		{43B77BD5-D71E-4FD3-A374-6ACDE263B027}.Ad-Hoc|Any CPU.Build.0 = Release|Any CPU
		{43B77BD5-D71E-4FD3-A374-6ACDE263B027}.Ad-Hoc|ARM.ActiveCfg = Release|Any CPU
		{43B77BD5-D71E-4FD3-A374-6ACDE263B027}.Ad-Hoc|ARM.Build.0 = Release|Any CPU
		{43B77BD5-D71E-4FD3-A374-6ACDE263B027}.Ad-Hoc|iPhone.ActiveCfg = Release|Any CPU
		{43B77BD5-D71E-4FD3-A374-6ACDE263B027}.Ad-Hoc|iPhone.Build.0 = Release|Any CPU
		{43B77BD5-D71E-4FD3-A374-6ACDE263B027}.Ad-Hoc|iPhoneSimulator.ActiveCfg = Release|Any CPU
		{43B77BD5-D71E-4FD3-A374-6ACDE263B027}.Ad-Hoc|iPhoneSimulator.Build.0 = Release|Any CPU
		{43B77BD5-D71E-4FD3-A374-6ACDE263B027}.Ad-Hoc|x64.ActiveCfg = Release|Any CPU
		{43B77BD5-D71E-4FD3-A374-6ACDE263B027}.Ad-Hoc|x64.Build.0 = Release|Any CPU
		{43B77BD5-D71E-4FD3-A374-6ACDE263B027}.Ad-Hoc|x86.ActiveCfg = Release|Any CPU
		{43B77BD5-D71E-4FD3-A374-6ACDE263B027}.Ad-Hoc|x86.Build.0 = Release|Any CPU
		{43B77BD5-D71E-4FD3-A374-6ACDE263B027}.AppStore|Any CPU.ActiveCfg = Release|Any CPU
		{43B77BD5-D71E-4FD3-A374-6ACDE263B027}.AppStore|Any CPU.Build.0 = Release|Any CPU
		{43B77BD5-D71E-4FD3-A374-6ACDE263B027}.AppStore|ARM.ActiveCfg = Release|Any CPU
		{43B77BD5-D71E-4FD3-A374-6ACDE263B027}.AppStore|ARM.Build.0 = Release|Any CPU
		{43B77BD5-D71E-4FD3-A374-6ACDE263B027}.AppStore|iPhone.ActiveCfg = Release|Any CPU
		{43B77BD5-D71E-4FD3-A374-6ACDE263B027}.AppStore|iPhone.Build.0 = Release|Any CPU
		{43B77BD5-D71E-4FD3-A374-6ACDE263B027}.AppStore|iPhoneSimulator.ActiveCfg = Release|Any CPU
		{43B77BD5-D71E-4FD3-A374-6ACDE263B027}.AppStore|iPhoneSimulator.Build.0 = Release|Any CPU
		{43B77BD5-D71E-4FD3-A374-6ACDE263B027}.AppStore|x64.ActiveCfg = Release|Any CPU
		{43B77BD5-D71E-4FD3-A374-6ACDE263B027}.AppStore|x64.Build.0 = Release|Any CPU
		{43B77BD5-D71E-4FD3-A374-6ACDE263B027}.AppStore|x86.ActiveCfg = Release|Any CPU
		{43B77BD5-D71E-4FD3-A374-6ACDE263B027}.AppStore|x86.Build.0 = Release|Any CPU
		{43B77BD5-D71E-4FD3-A374-6ACDE263B027}.Debug|Any CPU.ActiveCfg = Debug|Any CPU
		{43B77BD5-D71E-4FD3-A374-6ACDE263B027}.Debug|Any CPU.Build.0 = Debug|Any CPU
		{43B77BD5-D71E-4FD3-A374-6ACDE263B027}.Debug|ARM.ActiveCfg = Debug|Any CPU
		{43B77BD5-D71E-4FD3-A374-6ACDE263B027}.Debug|ARM.Build.0 = Debug|Any CPU
		{43B77BD5-D71E-4FD3-A374-6ACDE263B027}.Debug|iPhone.ActiveCfg = Debug|Any CPU
		{43B77BD5-D71E-4FD3-A374-6ACDE263B027}.Debug|iPhone.Build.0 = Debug|Any CPU
		{43B77BD5-D71E-4FD3-A374-6ACDE263B027}.Debug|iPhoneSimulator.ActiveCfg = Debug|Any CPU
		{43B77BD5-D71E-4FD3-A374-6ACDE263B027}.Debug|iPhoneSimulator.Build.0 = Debug|Any CPU
		{43B77BD5-D71E-4FD3-A374-6ACDE263B027}.Debug|x64.ActiveCfg = Debug|Any CPU
		{43B77BD5-D71E-4FD3-A374-6ACDE263B027}.Debug|x64.Build.0 = Debug|Any CPU
		{43B77BD5-D71E-4FD3-A374-6ACDE263B027}.Debug|x86.ActiveCfg = Debug|Any CPU
		{43B77BD5-D71E-4FD3-A374-6ACDE263B027}.Debug|x86.Build.0 = Debug|Any CPU
		{43B77BD5-D71E-4FD3-A374-6ACDE263B027}.Release|Any CPU.ActiveCfg = Release|Any CPU
		{43B77BD5-D71E-4FD3-A374-6ACDE263B027}.Release|Any CPU.Build.0 = Release|Any CPU
		{43B77BD5-D71E-4FD3-A374-6ACDE263B027}.Release|ARM.ActiveCfg = Release|Any CPU
		{43B77BD5-D71E-4FD3-A374-6ACDE263B027}.Release|ARM.Build.0 = Release|Any CPU
		{43B77BD5-D71E-4FD3-A374-6ACDE263B027}.Release|iPhone.ActiveCfg = Release|Any CPU
		{43B77BD5-D71E-4FD3-A374-6ACDE263B027}.Release|iPhone.Build.0 = Release|Any CPU
		{43B77BD5-D71E-4FD3-A374-6ACDE263B027}.Release|iPhoneSimulator.ActiveCfg = Release|Any CPU
		{43B77BD5-D71E-4FD3-A374-6ACDE263B027}.Release|iPhoneSimulator.Build.0 = Release|Any CPU
		{43B77BD5-D71E-4FD3-A374-6ACDE263B027}.Release|x64.ActiveCfg = Release|Any CPU
		{43B77BD5-D71E-4FD3-A374-6ACDE263B027}.Release|x64.Build.0 = Release|Any CPU
		{43B77BD5-D71E-4FD3-A374-6ACDE263B027}.Release|x86.ActiveCfg = Release|Any CPU
		{43B77BD5-D71E-4FD3-A374-6ACDE263B027}.Release|x86.Build.0 = Release|Any CPU
		{D469EF31-5217-425C-8038-A6A612FDC09A}.Ad-Hoc|Any CPU.ActiveCfg = Release|x86
		{D469EF31-5217-425C-8038-A6A612FDC09A}.Ad-Hoc|Any CPU.Build.0 = Release|x86
		{D469EF31-5217-425C-8038-A6A612FDC09A}.Ad-Hoc|Any CPU.Deploy.0 = Release|x86
		{D469EF31-5217-425C-8038-A6A612FDC09A}.Ad-Hoc|ARM.ActiveCfg = Release|ARM
		{D469EF31-5217-425C-8038-A6A612FDC09A}.Ad-Hoc|ARM.Build.0 = Release|ARM
		{D469EF31-5217-425C-8038-A6A612FDC09A}.Ad-Hoc|ARM.Deploy.0 = Release|ARM
		{D469EF31-5217-425C-8038-A6A612FDC09A}.Ad-Hoc|iPhone.ActiveCfg = Release|x86
		{D469EF31-5217-425C-8038-A6A612FDC09A}.Ad-Hoc|iPhone.Build.0 = Release|x86
		{D469EF31-5217-425C-8038-A6A612FDC09A}.Ad-Hoc|iPhone.Deploy.0 = Release|x86
		{D469EF31-5217-425C-8038-A6A612FDC09A}.Ad-Hoc|iPhoneSimulator.ActiveCfg = Release|x86
		{D469EF31-5217-425C-8038-A6A612FDC09A}.Ad-Hoc|iPhoneSimulator.Build.0 = Release|x86
		{D469EF31-5217-425C-8038-A6A612FDC09A}.Ad-Hoc|iPhoneSimulator.Deploy.0 = Release|x86
		{D469EF31-5217-425C-8038-A6A612FDC09A}.Ad-Hoc|x64.ActiveCfg = Release|x64
		{D469EF31-5217-425C-8038-A6A612FDC09A}.Ad-Hoc|x64.Build.0 = Release|x64
		{D469EF31-5217-425C-8038-A6A612FDC09A}.Ad-Hoc|x64.Deploy.0 = Release|x64
		{D469EF31-5217-425C-8038-A6A612FDC09A}.Ad-Hoc|x86.ActiveCfg = Release|x86
		{D469EF31-5217-425C-8038-A6A612FDC09A}.Ad-Hoc|x86.Build.0 = Release|x86
		{D469EF31-5217-425C-8038-A6A612FDC09A}.Ad-Hoc|x86.Deploy.0 = Release|x86
		{D469EF31-5217-425C-8038-A6A612FDC09A}.AppStore|Any CPU.ActiveCfg = Release|x86
		{D469EF31-5217-425C-8038-A6A612FDC09A}.AppStore|Any CPU.Build.0 = Release|x86
		{D469EF31-5217-425C-8038-A6A612FDC09A}.AppStore|Any CPU.Deploy.0 = Release|x86
		{D469EF31-5217-425C-8038-A6A612FDC09A}.AppStore|ARM.ActiveCfg = Release|ARM
		{D469EF31-5217-425C-8038-A6A612FDC09A}.AppStore|ARM.Build.0 = Release|ARM
		{D469EF31-5217-425C-8038-A6A612FDC09A}.AppStore|ARM.Deploy.0 = Release|ARM
		{D469EF31-5217-425C-8038-A6A612FDC09A}.AppStore|iPhone.ActiveCfg = Release|x86
		{D469EF31-5217-425C-8038-A6A612FDC09A}.AppStore|iPhone.Build.0 = Release|x86
		{D469EF31-5217-425C-8038-A6A612FDC09A}.AppStore|iPhone.Deploy.0 = Release|x86
		{D469EF31-5217-425C-8038-A6A612FDC09A}.AppStore|iPhoneSimulator.ActiveCfg = Release|x86
		{D469EF31-5217-425C-8038-A6A612FDC09A}.AppStore|iPhoneSimulator.Build.0 = Release|x86
		{D469EF31-5217-425C-8038-A6A612FDC09A}.AppStore|iPhoneSimulator.Deploy.0 = Release|x86
		{D469EF31-5217-425C-8038-A6A612FDC09A}.AppStore|x64.ActiveCfg = Release|x64
		{D469EF31-5217-425C-8038-A6A612FDC09A}.AppStore|x64.Build.0 = Release|x64
		{D469EF31-5217-425C-8038-A6A612FDC09A}.AppStore|x64.Deploy.0 = Release|x64
		{D469EF31-5217-425C-8038-A6A612FDC09A}.AppStore|x86.ActiveCfg = Release|x86
		{D469EF31-5217-425C-8038-A6A612FDC09A}.AppStore|x86.Build.0 = Release|x86
		{D469EF31-5217-425C-8038-A6A612FDC09A}.AppStore|x86.Deploy.0 = Release|x86
		{D469EF31-5217-425C-8038-A6A612FDC09A}.Debug|Any CPU.ActiveCfg = Debug|x86
		{D469EF31-5217-425C-8038-A6A612FDC09A}.Debug|ARM.ActiveCfg = Debug|ARM
		{D469EF31-5217-425C-8038-A6A612FDC09A}.Debug|ARM.Build.0 = Debug|ARM
		{D469EF31-5217-425C-8038-A6A612FDC09A}.Debug|ARM.Deploy.0 = Debug|ARM
		{D469EF31-5217-425C-8038-A6A612FDC09A}.Debug|iPhone.ActiveCfg = Debug|x86
		{D469EF31-5217-425C-8038-A6A612FDC09A}.Debug|iPhoneSimulator.ActiveCfg = Debug|x86
		{D469EF31-5217-425C-8038-A6A612FDC09A}.Debug|x64.ActiveCfg = Debug|x64
		{D469EF31-5217-425C-8038-A6A612FDC09A}.Debug|x64.Build.0 = Debug|x64
		{D469EF31-5217-425C-8038-A6A612FDC09A}.Debug|x64.Deploy.0 = Debug|x64
		{D469EF31-5217-425C-8038-A6A612FDC09A}.Debug|x86.ActiveCfg = Debug|x86
		{D469EF31-5217-425C-8038-A6A612FDC09A}.Debug|x86.Build.0 = Debug|x86
		{D469EF31-5217-425C-8038-A6A612FDC09A}.Debug|x86.Deploy.0 = Debug|x86
		{D469EF31-5217-425C-8038-A6A612FDC09A}.Release|Any CPU.ActiveCfg = Release|x86
		{D469EF31-5217-425C-8038-A6A612FDC09A}.Release|ARM.ActiveCfg = Release|ARM
		{D469EF31-5217-425C-8038-A6A612FDC09A}.Release|ARM.Build.0 = Release|ARM
		{D469EF31-5217-425C-8038-A6A612FDC09A}.Release|ARM.Deploy.0 = Release|ARM
		{D469EF31-5217-425C-8038-A6A612FDC09A}.Release|iPhone.ActiveCfg = Release|x86
		{D469EF31-5217-425C-8038-A6A612FDC09A}.Release|iPhoneSimulator.ActiveCfg = Release|x86
		{D469EF31-5217-425C-8038-A6A612FDC09A}.Release|x64.ActiveCfg = Release|x64
		{D469EF31-5217-425C-8038-A6A612FDC09A}.Release|x64.Build.0 = Release|x64
		{D469EF31-5217-425C-8038-A6A612FDC09A}.Release|x64.Deploy.0 = Release|x64
		{D469EF31-5217-425C-8038-A6A612FDC09A}.Release|x86.ActiveCfg = Release|x86
		{D469EF31-5217-425C-8038-A6A612FDC09A}.Release|x86.Build.0 = Release|x86
		{D469EF31-5217-425C-8038-A6A612FDC09A}.Release|x86.Deploy.0 = Release|x86
		{BC51E7A2-FE9D-4D6B-AC1A-D48C4EAB620D}.Ad-Hoc|Any CPU.ActiveCfg = Ad-Hoc|iPhone
		{BC51E7A2-FE9D-4D6B-AC1A-D48C4EAB620D}.Ad-Hoc|ARM.ActiveCfg = Ad-Hoc|iPhone
		{BC51E7A2-FE9D-4D6B-AC1A-D48C4EAB620D}.Ad-Hoc|iPhone.ActiveCfg = Ad-Hoc|iPhone
		{BC51E7A2-FE9D-4D6B-AC1A-D48C4EAB620D}.Ad-Hoc|iPhone.Build.0 = Ad-Hoc|iPhone
		{BC51E7A2-FE9D-4D6B-AC1A-D48C4EAB620D}.Ad-Hoc|iPhoneSimulator.ActiveCfg = Ad-Hoc|iPhoneSimulator
		{BC51E7A2-FE9D-4D6B-AC1A-D48C4EAB620D}.Ad-Hoc|iPhoneSimulator.Build.0 = Ad-Hoc|iPhoneSimulator
		{BC51E7A2-FE9D-4D6B-AC1A-D48C4EAB620D}.Ad-Hoc|x64.ActiveCfg = Ad-Hoc|iPhone
		{BC51E7A2-FE9D-4D6B-AC1A-D48C4EAB620D}.Ad-Hoc|x86.ActiveCfg = Ad-Hoc|iPhone
		{BC51E7A2-FE9D-4D6B-AC1A-D48C4EAB620D}.AppStore|Any CPU.ActiveCfg = AppStore|iPhone
		{BC51E7A2-FE9D-4D6B-AC1A-D48C4EAB620D}.AppStore|ARM.ActiveCfg = AppStore|iPhone
		{BC51E7A2-FE9D-4D6B-AC1A-D48C4EAB620D}.AppStore|iPhone.ActiveCfg = AppStore|iPhone
		{BC51E7A2-FE9D-4D6B-AC1A-D48C4EAB620D}.AppStore|iPhone.Build.0 = AppStore|iPhone
		{BC51E7A2-FE9D-4D6B-AC1A-D48C4EAB620D}.AppStore|iPhoneSimulator.ActiveCfg = AppStore|iPhoneSimulator
		{BC51E7A2-FE9D-4D6B-AC1A-D48C4EAB620D}.AppStore|iPhoneSimulator.Build.0 = AppStore|iPhoneSimulator
		{BC51E7A2-FE9D-4D6B-AC1A-D48C4EAB620D}.AppStore|x64.ActiveCfg = AppStore|iPhone
		{BC51E7A2-FE9D-4D6B-AC1A-D48C4EAB620D}.AppStore|x86.ActiveCfg = AppStore|iPhone
		{BC51E7A2-FE9D-4D6B-AC1A-D48C4EAB620D}.Debug|Any CPU.ActiveCfg = Debug|iPhone
		{BC51E7A2-FE9D-4D6B-AC1A-D48C4EAB620D}.Debug|ARM.ActiveCfg = Debug|iPhone
		{BC51E7A2-FE9D-4D6B-AC1A-D48C4EAB620D}.Debug|iPhone.ActiveCfg = Debug|iPhone
		{BC51E7A2-FE9D-4D6B-AC1A-D48C4EAB620D}.Debug|iPhone.Build.0 = Debug|iPhone
		{BC51E7A2-FE9D-4D6B-AC1A-D48C4EAB620D}.Debug|iPhoneSimulator.ActiveCfg = Debug|iPhoneSimulator
		{BC51E7A2-FE9D-4D6B-AC1A-D48C4EAB620D}.Debug|iPhoneSimulator.Build.0 = Debug|iPhoneSimulator
		{BC51E7A2-FE9D-4D6B-AC1A-D48C4EAB620D}.Debug|x64.ActiveCfg = Debug|iPhone
		{BC51E7A2-FE9D-4D6B-AC1A-D48C4EAB620D}.Debug|x86.ActiveCfg = Debug|iPhone
		{BC51E7A2-FE9D-4D6B-AC1A-D48C4EAB620D}.Release|Any CPU.ActiveCfg = Release|iPhone
		{BC51E7A2-FE9D-4D6B-AC1A-D48C4EAB620D}.Release|ARM.ActiveCfg = Release|iPhone
		{BC51E7A2-FE9D-4D6B-AC1A-D48C4EAB620D}.Release|iPhone.ActiveCfg = Release|iPhone
		{BC51E7A2-FE9D-4D6B-AC1A-D48C4EAB620D}.Release|iPhone.Build.0 = Release|iPhone
		{BC51E7A2-FE9D-4D6B-AC1A-D48C4EAB620D}.Release|iPhoneSimulator.ActiveCfg = Release|iPhoneSimulator
		{BC51E7A2-FE9D-4D6B-AC1A-D48C4EAB620D}.Release|iPhoneSimulator.Build.0 = Release|iPhoneSimulator
		{BC51E7A2-FE9D-4D6B-AC1A-D48C4EAB620D}.Release|x64.ActiveCfg = Release|iPhone
		{BC51E7A2-FE9D-4D6B-AC1A-D48C4EAB620D}.Release|x86.ActiveCfg = Release|iPhone
	EndGlobalSection
	GlobalSection(SolutionProperties) = preSolution
		HideSolutionNode = FALSE
	EndGlobalSection
EndGlobal
